
Microsoft Visual Studio Solution File, Format Version 12.00
# Visual Studio Version 16
VisualStudioVersion = 16.0.28803.352
MinimumVisualStudioVersion = 10.0.40219.1
Project("{FAE04EC0-301F-11D3-BF4B-00C04F79EFBC}") = "Skeletal_Structure_Calculator", "Skeletal_Structure_Calculator\Skeletal_Structure_Calculator.csproj", "{36A6E1B4-7952-43FD-8665-64BAC1ACC9CD}"
EndProject
Global
	GlobalSection(SolutionConfigurationPlatforms) = preSolution
		Debug|Any CPU = Debug|Any CPU
		Release|Any CPU = Release|Any CPU
	EndGlobalSection
	GlobalSection(ProjectConfigurationPlatforms) = postSolution
		{36A6E1B4-7952-43FD-8665-64BAC1ACC9CD}.Debug|Any CPU.ActiveCfg = Debug|Any CPU
		{36A6E1B4-7952-43FD-8665-64BAC1ACC9CD}.Debug|Any CPU.Build.0 = Debug|Any CPU
		{36A6E1B4-7952-43FD-8665-64BAC1ACC9CD}.Release|Any CPU.ActiveCfg = Release|Any CPU
		{36A6E1B4-7952-43FD-8665-64BAC1ACC9CD}.Release|Any CPU.Build.0 = Release|Any CPU
	EndGlobalSection
	GlobalSection(SolutionProperties) = preSolution
		HideSolutionNode = FALSE
	EndGlobalSection
	GlobalSection(ExtensibilityGlobals) = postSolution
		SolutionGuid = {4536CFBE-2212-4297-B585-425E5C3EA504}
	EndGlobalSection
EndGlobal
